
Microsoft Visual Studio Solution File, Format Version 12.00
# Visual Studio Version 16
VisualStudioVersion = 16.0.29911.84
MinimumVisualStudioVersion = 10.0.40219.1
Project("{9A19103F-16F7-4668-BE54-9A1E7A4F7556}") = "musingDayCare", "musingDayCare\musingDayCare.csproj", "{1FE3D8C2-B4D8-47BC-86A2-9C628D48BE2E}"
EndProject
Project("{9A19103F-16F7-4668-BE54-9A1E7A4F7556}") = "musingDayCareDomain", "musingDayCareDomain\musingDayCareDomain.csproj", "{1FDBB206-F101-4B1F-A4A5-37A62C849BD5}"
EndProject
Project("{9A19103F-16F7-4668-BE54-9A1E7A4F7556}") = "musingDayCareDataBase", "musingDayCareDataBase\musingDayCareDataBase.csproj", "{76A00623-E156-4F43-A935-25EAEB723C54}"
EndProject
Project("{9A19103F-16F7-4668-BE54-9A1E7A4F7556}") = "musingDayCareComman", "musingDayCareComman\musingDayCareComman.csproj", "{4D539B84-4E9D-4BC2-9FE3-125ABFC422BE}"
EndProject
Project("{9A19103F-16F7-4668-BE54-9A1E7A4F7556}") = "musingDayCareCore", "musingDayCareCore\musingDayCareCore.csproj", "{E3F63313-15E5-400D-98B4-2861556A33A7}"
EndProject
Global
	GlobalSection(SolutionConfigurationPlatforms) = preSolution
		Debug|Any CPU = Debug|Any CPU
		Release|Any CPU = Release|Any CPU
	EndGlobalSection
	GlobalSection(ProjectConfigurationPlatforms) = postSolution
		{1FE3D8C2-B4D8-47BC-86A2-9C628D48BE2E}.Debug|Any CPU.ActiveCfg = Debug|Any CPU
		{1FE3D8C2-B4D8-47BC-86A2-9C628D48BE2E}.Debug|Any CPU.Build.0 = Debug|Any CPU
		{1FE3D8C2-B4D8-47BC-86A2-9C628D48BE2E}.Release|Any CPU.ActiveCfg = Release|Any CPU
		{1FE3D8C2-B4D8-47BC-86A2-9C628D48BE2E}.Release|Any CPU.Build.0 = Release|Any CPU
		{1FDBB206-F101-4B1F-A4A5-37A62C849BD5}.Debug|Any CPU.ActiveCfg = Debug|Any CPU
		{1FDBB206-F101-4B1F-A4A5-37A62C849BD5}.Debug|Any CPU.Build.0 = Debug|Any CPU
		{1FDBB206-F101-4B1F-A4A5-37A62C849BD5}.Release|Any CPU.ActiveCfg = Release|Any CPU
		{1FDBB206-F101-4B1F-A4A5-37A62C849BD5}.Release|Any CPU.Build.0 = Release|Any CPU
		{76A00623-E156-4F43-A935-25EAEB723C54}.Debug|Any CPU.ActiveCfg = Debug|Any CPU
		{76A00623-E156-4F43-A935-25EAEB723C54}.Debug|Any CPU.Build.0 = Debug|Any CPU
		{76A00623-E156-4F43-A935-25EAEB723C54}.Release|Any CPU.ActiveCfg = Release|Any CPU
		{76A00623-E156-4F43-A935-25EAEB723C54}.Release|Any CPU.Build.0 = Release|Any CPU
		{4D539B84-4E9D-4BC2-9FE3-125ABFC422BE}.Debug|Any CPU.ActiveCfg = Debug|Any CPU
		{4D539B84-4E9D-4BC2-9FE3-125ABFC422BE}.Debug|Any CPU.Build.0 = Debug|Any CPU
		{4D539B84-4E9D-4BC2-9FE3-125ABFC422BE}.Release|Any CPU.ActiveCfg = Release|Any CPU
		{4D539B84-4E9D-4BC2-9FE3-125ABFC422BE}.Release|Any CPU.Build.0 = Release|Any CPU
		{E3F63313-15E5-400D-98B4-2861556A33A7}.Debug|Any CPU.ActiveCfg = Debug|Any CPU
		{E3F63313-15E5-400D-98B4-2861556A33A7}.Debug|Any CPU.Build.0 = Debug|Any CPU
		{E3F63313-15E5-400D-98B4-2861556A33A7}.Release|Any CPU.ActiveCfg = Release|Any CPU
		{E3F63313-15E5-400D-98B4-2861556A33A7}.Release|Any CPU.Build.0 = Release|Any CPU
	EndGlobalSection
	GlobalSection(SolutionProperties) = preSolution
		HideSolutionNode = FALSE
	EndGlobalSection
	GlobalSection(ExtensibilityGlobals) = postSolution
		SolutionGuid = {E114F760-A024-4902-8422-8DE977311B5D}
	EndGlobalSection
EndGlobal
