
Microsoft Visual Studio Solution File, Format Version 12.00
# Visual Studio Version 16
VisualStudioVersion = 16.0.29911.84
MinimumVisualStudioVersion = 10.0.40219.1
Project("{FAE04EC0-301F-11D3-BF4B-00C04F79EFBC}") = "musingDayCare", "musingDayCare\musingDayCare.csproj", "{1FE3D8C2-B4D8-47BC-86A2-9C628D48BE2E}"
EndProject
Global
	GlobalSection(SolutionConfigurationPlatforms) = preSolution
		Debug|Any CPU = Debug|Any CPU
		Release|Any CPU = Release|Any CPU
	EndGlobalSection
	GlobalSection(ProjectConfigurationPlatforms) = postSolution
		{1FE3D8C2-B4D8-47BC-86A2-9C628D48BE2E}.Debug|Any CPU.ActiveCfg = Debug|Any CPU
		{1FE3D8C2-B4D8-47BC-86A2-9C628D48BE2E}.Debug|Any CPU.Build.0 = Debug|Any CPU
		{1FE3D8C2-B4D8-47BC-86A2-9C628D48BE2E}.Release|Any CPU.ActiveCfg = Release|Any CPU
		{1FE3D8C2-B4D8-47BC-86A2-9C628D48BE2E}.Release|Any CPU.Build.0 = Release|Any CPU
	EndGlobalSection
	GlobalSection(SolutionProperties) = preSolution
		HideSolutionNode = FALSE
	EndGlobalSection
	GlobalSection(ExtensibilityGlobals) = postSolution
		SolutionGuid = {E114F760-A024-4902-8422-8DE977311B5D}
	EndGlobalSection
EndGlobal
