
Microsoft Visual Studio Solution File, Format Version 12.00
# Visual Studio Version 16
VisualStudioVersion = 16.0.29911.84
MinimumVisualStudioVersion = 10.0.40219.1
Project("{9A19103F-16F7-4668-BE54-9A1E7A4F7556}") = "musingDayCare", "musingDayCare\musingDayCare.csproj", "{1FE3D8C2-B4D8-47BC-86A2-9C628D48BE2E}"
EndProject
Project("{9A19103F-16F7-4668-BE54-9A1E7A4F7556}") = "musingDayCareDomain", "musingDayCareDomain\musingDayCareDomain.csproj", "{1FDBB206-F101-4B1F-A4A5-37A62C849BD5}"
EndProject
Project("{9A19103F-16F7-4668-BE54-9A1E7A4F7556}") = "musingDayCareDataBase", "musingDayCareDataBase\musingDayCareDataBase.csproj", "{76A00623-E156-4F43-A935-25EAEB723C54}"
EndProject
Project("{9A19103F-16F7-4668-BE54-9A1E7A4F7556}") = "musingDayCareComman", "musingDayCareComman\musingDayCareComman.csproj", "{4D539B84-4E9D-4BC2-9FE3-125ABFC422BE}"
EndProject
Project("{9A19103F-16F7-4668-BE54-9A1E7A4F7556}") = "musingDayCareCore", "musingDayCareCore\musingDayCareCore.csproj", "{E3F63313-15E5-400D-98B4-2861556A33A7}"
EndProject
Project("{2150E333-8FDC-42A3-9474-1A3956D46DE8}") = "musing.edu.Hostel", "musing.edu.Hostel", "{936C41D3-000E-4852-8A11-BBBC1018FC5F}"
EndProject
Project("{9A19103F-16F7-4668-BE54-9A1E7A4F7556}") = "Musing.edu.Hostel.Common", "Musing.edu.Hostel.Common\Musing.edu.Hostel.Common.csproj", "{0B6E1F8F-7D07-42A5-A468-D59CCA0A5FA5}"
EndProject
Project("{9A19103F-16F7-4668-BE54-9A1E7A4F7556}") = "Musing.Edu.Hostel.Core", "Musing.Edu.Hostel.Core\Musing.Edu.Hostel.Core.csproj", "{6CEF2CF7-05CF-4AA4-98EA-B914FEBEC539}"
EndProject
Project("{9A19103F-16F7-4668-BE54-9A1E7A4F7556}") = "Musing.Edu.Hostel.DataBase", "Musing.Edu.Hostel.DataBase\Musing.Edu.Hostel.DataBase.csproj", "{529C6988-CBD0-486F-AFB4-EC2ECE77ECCC}"
EndProject
Project("{9A19103F-16F7-4668-BE54-9A1E7A4F7556}") = "Musing.Edu.Hostel.Domain", "Musing.Edu.Hostel.Domain\Musing.Edu.Hostel.Domain.csproj", "{9840467D-FE6C-4892-9587-100F0685C052}"
EndProject
Project("{2150E333-8FDC-42A3-9474-1A3956D46DE8}") = "musing.edu.common", "musing.edu.common", "{C193E0EC-5C30-4D9F-879A-2FF2C29F8843}"
EndProject
Project("{9A19103F-16F7-4668-BE54-9A1E7A4F7556}") = "Musing.Edu.Common.Types", "Musing.Edu.Common.Types\Musing.Edu.Common.Types.csproj", "{FDE841E8-A38E-4A45-8A58-289CAD75C656}"
EndProject
Global
	GlobalSection(SolutionConfigurationPlatforms) = preSolution
		Debug|Any CPU = Debug|Any CPU
		Release|Any CPU = Release|Any CPU
	EndGlobalSection
	GlobalSection(ProjectConfigurationPlatforms) = postSolution
		{1FE3D8C2-B4D8-47BC-86A2-9C628D48BE2E}.Debug|Any CPU.ActiveCfg = Debug|Any CPU
		{1FE3D8C2-B4D8-47BC-86A2-9C628D48BE2E}.Debug|Any CPU.Build.0 = Debug|Any CPU
		{1FE3D8C2-B4D8-47BC-86A2-9C628D48BE2E}.Release|Any CPU.ActiveCfg = Release|Any CPU
		{1FE3D8C2-B4D8-47BC-86A2-9C628D48BE2E}.Release|Any CPU.Build.0 = Release|Any CPU
		{1FDBB206-F101-4B1F-A4A5-37A62C849BD5}.Debug|Any CPU.ActiveCfg = Debug|Any CPU
		{1FDBB206-F101-4B1F-A4A5-37A62C849BD5}.Debug|Any CPU.Build.0 = Debug|Any CPU
		{1FDBB206-F101-4B1F-A4A5-37A62C849BD5}.Release|Any CPU.ActiveCfg = Release|Any CPU
		{1FDBB206-F101-4B1F-A4A5-37A62C849BD5}.Release|Any CPU.Build.0 = Release|Any CPU
		{76A00623-E156-4F43-A935-25EAEB723C54}.Debug|Any CPU.ActiveCfg = Debug|Any CPU
		{76A00623-E156-4F43-A935-25EAEB723C54}.Debug|Any CPU.Build.0 = Debug|Any CPU
		{76A00623-E156-4F43-A935-25EAEB723C54}.Release|Any CPU.ActiveCfg = Release|Any CPU
		{76A00623-E156-4F43-A935-25EAEB723C54}.Release|Any CPU.Build.0 = Release|Any CPU
		{4D539B84-4E9D-4BC2-9FE3-125ABFC422BE}.Debug|Any CPU.ActiveCfg = Debug|Any CPU
		{4D539B84-4E9D-4BC2-9FE3-125ABFC422BE}.Debug|Any CPU.Build.0 = Debug|Any CPU
		{4D539B84-4E9D-4BC2-9FE3-125ABFC422BE}.Release|Any CPU.ActiveCfg = Release|Any CPU
		{4D539B84-4E9D-4BC2-9FE3-125ABFC422BE}.Release|Any CPU.Build.0 = Release|Any CPU
		{E3F63313-15E5-400D-98B4-2861556A33A7}.Debug|Any CPU.ActiveCfg = Debug|Any CPU
		{E3F63313-15E5-400D-98B4-2861556A33A7}.Debug|Any CPU.Build.0 = Debug|Any CPU
		{E3F63313-15E5-400D-98B4-2861556A33A7}.Release|Any CPU.ActiveCfg = Release|Any CPU
		{E3F63313-15E5-400D-98B4-2861556A33A7}.Release|Any CPU.Build.0 = Release|Any CPU
		{0B6E1F8F-7D07-42A5-A468-D59CCA0A5FA5}.Debug|Any CPU.ActiveCfg = Debug|Any CPU
		{0B6E1F8F-7D07-42A5-A468-D59CCA0A5FA5}.Debug|Any CPU.Build.0 = Debug|Any CPU
		{0B6E1F8F-7D07-42A5-A468-D59CCA0A5FA5}.Release|Any CPU.ActiveCfg = Release|Any CPU
		{0B6E1F8F-7D07-42A5-A468-D59CCA0A5FA5}.Release|Any CPU.Build.0 = Release|Any CPU
		{6CEF2CF7-05CF-4AA4-98EA-B914FEBEC539}.Debug|Any CPU.ActiveCfg = Debug|Any CPU
		{6CEF2CF7-05CF-4AA4-98EA-B914FEBEC539}.Debug|Any CPU.Build.0 = Debug|Any CPU
		{6CEF2CF7-05CF-4AA4-98EA-B914FEBEC539}.Release|Any CPU.ActiveCfg = Release|Any CPU
		{6CEF2CF7-05CF-4AA4-98EA-B914FEBEC539}.Release|Any CPU.Build.0 = Release|Any CPU
		{529C6988-CBD0-486F-AFB4-EC2ECE77ECCC}.Debug|Any CPU.ActiveCfg = Debug|Any CPU
		{529C6988-CBD0-486F-AFB4-EC2ECE77ECCC}.Debug|Any CPU.Build.0 = Debug|Any CPU
		{529C6988-CBD0-486F-AFB4-EC2ECE77ECCC}.Release|Any CPU.ActiveCfg = Release|Any CPU
		{529C6988-CBD0-486F-AFB4-EC2ECE77ECCC}.Release|Any CPU.Build.0 = Release|Any CPU
		{9840467D-FE6C-4892-9587-100F0685C052}.Debug|Any CPU.ActiveCfg = Debug|Any CPU
		{9840467D-FE6C-4892-9587-100F0685C052}.Debug|Any CPU.Build.0 = Debug|Any CPU
		{9840467D-FE6C-4892-9587-100F0685C052}.Release|Any CPU.ActiveCfg = Release|Any CPU
		{9840467D-FE6C-4892-9587-100F0685C052}.Release|Any CPU.Build.0 = Release|Any CPU
		{FDE841E8-A38E-4A45-8A58-289CAD75C656}.Debug|Any CPU.ActiveCfg = Debug|Any CPU
		{FDE841E8-A38E-4A45-8A58-289CAD75C656}.Debug|Any CPU.Build.0 = Debug|Any CPU
		{FDE841E8-A38E-4A45-8A58-289CAD75C656}.Release|Any CPU.ActiveCfg = Release|Any CPU
		{FDE841E8-A38E-4A45-8A58-289CAD75C656}.Release|Any CPU.Build.0 = Release|Any CPU
	EndGlobalSection
	GlobalSection(SolutionProperties) = preSolution
		HideSolutionNode = FALSE
	EndGlobalSection
	GlobalSection(NestedProjects) = preSolution
		{0B6E1F8F-7D07-42A5-A468-D59CCA0A5FA5} = {936C41D3-000E-4852-8A11-BBBC1018FC5F}
		{6CEF2CF7-05CF-4AA4-98EA-B914FEBEC539} = {936C41D3-000E-4852-8A11-BBBC1018FC5F}
		{529C6988-CBD0-486F-AFB4-EC2ECE77ECCC} = {936C41D3-000E-4852-8A11-BBBC1018FC5F}
		{9840467D-FE6C-4892-9587-100F0685C052} = {936C41D3-000E-4852-8A11-BBBC1018FC5F}
		{FDE841E8-A38E-4A45-8A58-289CAD75C656} = {C193E0EC-5C30-4D9F-879A-2FF2C29F8843}
	EndGlobalSection
	GlobalSection(ExtensibilityGlobals) = postSolution
		SolutionGuid = {E114F760-A024-4902-8422-8DE977311B5D}
	EndGlobalSection
EndGlobal
